
Microsoft Visual Studio Solution File, Format Version 12.00
# Visual Studio Version 17
VisualStudioVersion = 17.5.33627.172
MinimumVisualStudioVersion = 10.0.40219.1
Project("{FAE04EC0-301F-11D3-BF4B-00C04F79EFBC}") = "SolidSample", "SolidSample\SolidSample.csproj", "{BA08D75A-165A-419E-A9A3-1F8C6B5B7A0E}"
EndProject
Global
	GlobalSection(SolutionConfigurationPlatforms) = preSolution
		Debug|Any CPU = Debug|Any CPU
		Release|Any CPU = Release|Any CPU
	EndGlobalSection
	GlobalSection(ProjectConfigurationPlatforms) = postSolution
		{BA08D75A-165A-419E-A9A3-1F8C6B5B7A0E}.Debug|Any CPU.ActiveCfg = Debug|Any CPU
		{BA08D75A-165A-419E-A9A3-1F8C6B5B7A0E}.Debug|Any CPU.Build.0 = Debug|Any CPU
		{BA08D75A-165A-419E-A9A3-1F8C6B5B7A0E}.Release|Any CPU.ActiveCfg = Release|Any CPU
		{BA08D75A-165A-419E-A9A3-1F8C6B5B7A0E}.Release|Any CPU.Build.0 = Release|Any CPU
	EndGlobalSection
	GlobalSection(SolutionProperties) = preSolution
		HideSolutionNode = FALSE
	EndGlobalSection
	GlobalSection(ExtensibilityGlobals) = postSolution
		SolutionGuid = {57DDEDEF-22DA-452C-A420-FA3F87958096}
	EndGlobalSection
EndGlobal
